lockfileVersion: '6.0'

settings:
  autoInstallPeers: true
  excludeLinksFromLockfile: false

devDependencies:
  '@figma/plugin-typings':
    specifier: ^1.69.0
    version: 1.69.0
  typescript:
    specifier: '*'
    version: 5.1.6

packages:

  /@figma/plugin-typings@1.69.0:
    resolution: {integrity: sha512-DAGuGGxM1saT8OVm7gqAldQCyRswRDWeHL/oodDQbus6jK3ypYMl722ItFxc/yWr5HDJbC3FO0u/bvxw2/xqGA==}
    dev: true

  /typescript@5.1.6:
    resolution: {integrity: sha512-zaWCozRZ6DLEWAWFrVDz1H6FVXzUSfTy5FUMWsQlU8Ym5JP9eO4xkTIROFCQvhQf61z6O/G6ugw3SgAnvvm+HA==}
    engines: {node: '>=14.17'}
    hasBin: true
    dev: true
